// !$*UTF8*$!
{
	archiveVersion = 1;
	classes = {
	};
	objectVersion = 56;
	objects = {

/* Begin PBXBuildFile section */
		9B28D5AF2BFD9093006FACEE /* SwiftUI_REST_APIApp.swift in Sources */ = {isa = PBXBuildFile; fileRef = 9B28D5AE2BFD9093006FACEE /* SwiftUI_REST_APIApp.swift */; };
		9B28D5B12BFD9093006FACEE /* ContentView.swift in Sources */ = {isa = PBXBuildFile; fileRef = 9B28D5B02BFD9093006FACEE /* ContentView.swift */; };
		9B28D5B32BFD9096006FACEE /* Assets.xcassets in Resources */ = {isa = PBXBuildFile; fileRef = 9B28D5B22BFD9096006FACEE /* Assets.xcassets */; };
		9B28D5B72BFD9096006FACEE /* Preview Assets.xcassets in Resources */ = {isa = PBXBuildFile; fileRef = 9B28D5B62BFD9096006FACEE /* Preview Assets.xcassets */; };
		9B28D5BF2BFD90C6006FACEE /* Question.swift in Sources */ = {isa = PBXBuildFile; fileRef = 9B28D5BE2BFD90C6006FACEE /* Question.swift */; };
		9B28D5C22BFD9169006FACEE /* QuestionsApi.swift in Sources */ = {isa = PBXBuildFile; fileRef = 9B28D5C12BFD9169006FACEE /* QuestionsApi.swift */; };
		9B28D5C72BFDC976006FACEE /* QuestionModelData.swift in Sources */ = {isa = PBXBuildFile; fileRef = 9B28D5C62BFDC976006FACEE /* QuestionModelData.swift */; };
		9B28D5CA2BFDCCCC006FACEE /* ProcessInfo+ext.swift in Sources */ = {isa = PBXBuildFile; fileRef = 9B28D5C92BFDCCCC006FACEE /* ProcessInfo+ext.swift */; };
		9B28D5D02BFDD0DA006FACEE /* QuestionViewModel.swift in Sources */ = {isa = PBXBuildFile; fileRef = 9B28D5CF2BFDD0DA006FACEE /* QuestionViewModel.swift */; };
/* End PBXBuildFile section */

/* Begin PBXFileReference section */
		9B28D5AB2BFD9093006FACEE /* SwiftUI REST API.app */ = {isa = PBXFileReference; explicitFileType = wrapper.application; includeInIndex = 0; path = "SwiftUI REST API.app"; sourceTree = BUILT_PRODUCTS_DIR; };
		9B28D5AE2BFD9093006FACEE /* SwiftUI_REST_APIApp.swift */ = {isa = PBXFileReference; lastKnownFileType = sourcecode.swift; path = SwiftUI_REST_APIApp.swift; sourceTree = "<group>"; };
		9B28D5B02BFD9093006FACEE /* ContentView.swift */ = {isa = PBXFileReference; lastKnownFileType = sourcecode.swift; path = ContentView.swift; sourceTree = "<group>"; };
		9B28D5B22BFD9096006FACEE /* Assets.xcassets */ = {isa = PBXFileReference; lastKnownFileType = folder.assetcatalog; path = Assets.xcassets; sourceTree = "<group>"; };
		9B28D5B42BFD9096006FACEE /* SwiftUI_REST_API.entitlements */ = {isa = PBXFileReference; lastKnownFileType = text.plist.entitlements; path = SwiftUI_REST_API.entitlements; sourceTree = "<group>"; };
		9B28D5B62BFD9096006FACEE /* Preview Assets.xcassets */ = {isa = PBXFileReference; lastKnownFileType = folder.assetcatalog; path = "Preview Assets.xcassets"; sourceTree = "<group>"; };
		9B28D5BE2BFD90C6006FACEE /* Question.swift */ = {isa = PBXFileReference; lastKnownFileType = sourcecode.swift; path = Question.swift; sourceTree = "<group>"; };
		9B28D5C12BFD9169006FACEE /* QuestionsApi.swift */ = {isa = PBXFileReference; lastKnownFileType = sourcecode.swift; path = QuestionsApi.swift; sourceTree = "<group>"; };
		9B28D5C62BFDC976006FACEE /* QuestionModelData.swift */ = {isa = PBXFileReference; lastKnownFileType = sourcecode.swift; path = QuestionModelData.swift; sourceTree = "<group>"; };
		9B28D5C92BFDCCCC006FACEE /* ProcessInfo+ext.swift */ = {isa = PBXFileReference; lastKnownFileType = sourcecode.swift; path = "ProcessInfo+ext.swift"; sourceTree = "<group>"; };
		9B28D5CF2BFDD0DA006FACEE /* QuestionViewModel.swift */ = {isa = PBXFileReference; lastKnownFileType = sourcecode.swift; path = QuestionViewModel.swift; sourceTree = "<group>"; };
/* End PBXFileReference section */

/* Begin PBXFrameworksBuildPhase section */
		9B28D5A82BFD9093006FACEE /* Frameworks */ = {
			isa = PBXFrameworksBuildPhase;
			buildActionMask = 2147483647;
			files = (
			);
			runOnlyForDeploymentPostprocessing = 0;
		};
/* End PBXFrameworksBuildPhase section */

/* Begin PBXGroup section */
		9B28D5A22BFD9093006FACEE = {
			isa = PBXGroup;
			children = (
				9B28D5AD2BFD9093006FACEE /* SwiftUI REST API */,
				9B28D5AC2BFD9093006FACEE /* Products */,
			);
			sourceTree = "<group>";
		};
		9B28D5AC2BFD9093006FACEE /* Products */ = {
			isa = PBXGroup;
			children = (
				9B28D5AB2BFD9093006FACEE /* SwiftUI REST API.app */,
			);
			name = Products;
			sourceTree = "<group>";
		};
		9B28D5AD2BFD9093006FACEE /* SwiftUI REST API */ = {
			isa = PBXGroup;
			children = (
				9B28D5CB2BFDD086006FACEE /* Feature */,
				9B28D5C82BFDCCB8006FACEE /* Extension */,
				9B28D5C02BFD912F006FACEE /* Network */,
				9B28D5AE2BFD9093006FACEE /* SwiftUI_REST_APIApp.swift */,
				9B28D5B02BFD9093006FACEE /* ContentView.swift */,
				9B28D5B22BFD9096006FACEE /* Assets.xcassets */,
				9B28D5B42BFD9096006FACEE /* SwiftUI_REST_API.entitlements */,
				9B28D5B52BFD9096006FACEE /* Preview Content */,
			);
			path = "SwiftUI REST API";
			sourceTree = "<group>";
		};
		9B28D5B52BFD9096006FACEE /* Preview Content */ = {
			isa = PBXGroup;
			children = (
				9B28D5B62BFD9096006FACEE /* Preview Assets.xcassets */,
			);
			path = "Preview Content";
			sourceTree = "<group>";
		};
		9B28D5C02BFD912F006FACEE /* Network */ = {
			isa = PBXGroup;
			children = (
				9B28D5C12BFD9169006FACEE /* QuestionsApi.swift */,
			);
			path = Network;
			sourceTree = "<group>";
		};
		9B28D5C82BFDCCB8006FACEE /* Extension */ = {
			isa = PBXGroup;
			children = (
				9B28D5C92BFDCCCC006FACEE /* ProcessInfo+ext.swift */,
			);
			path = Extension;
			sourceTree = "<group>";
		};
		9B28D5CB2BFDD086006FACEE /* Feature */ = {
			isa = PBXGroup;
			children = (
				9B28D5CC2BFDD08F006FACEE /* Question */,
			);
			path = Feature;
			sourceTree = "<group>";
		};
		9B28D5CC2BFDD08F006FACEE /* Question */ = {
			isa = PBXGroup;
			children = (
				9B28D5CE2BFDD0B0006FACEE /* ViewModel */,
				9B28D5CD2BFDD095006FACEE /* Model */,
			);
			path = Question;
			sourceTree = "<group>";
		};
		9B28D5CD2BFDD095006FACEE /* Model */ = {
			isa = PBXGroup;
			children = (
				9B28D5C62BFDC976006FACEE /* QuestionModelData.swift */,
				9B28D5BE2BFD90C6006FACEE /* Question.swift */,
			);
			path = Model;
			sourceTree = "<group>";
		};
		9B28D5CE2BFDD0B0006FACEE /* ViewModel */ = {
			isa = PBXGroup;
			children = (
				9B28D5CF2BFDD0DA006FACEE /* QuestionViewModel.swift */,
			);
			path = ViewModel;
			sourceTree = "<group>";
		};
/* End PBXGroup section */

/* Begin PBXNativeTarget section */
		9B28D5AA2BFD9093006FACEE /* SwiftUI REST API */ = {
			isa = PBXNativeTarget;
			buildConfigurationList = 9B28D5BA2BFD9097006FACEE /* Build configuration list for PBXNativeTarget "SwiftUI REST API" */;
			buildPhases = (
				9B28D5A72BFD9093006FACEE /* Sources */,
				9B28D5A82BFD9093006FACEE /* Frameworks */,
				9B28D5A92BFD9093006FACEE /* Resources */,
			);
			buildRules = (
			);
			dependencies = (
			);
			name = "SwiftUI REST API";
			productName = "SwiftUI REST API";
			productReference = 9B28D5AB2BFD9093006FACEE /* SwiftUI REST API.app */;
			productType = "com.apple.product-type.application";
		};
/* End PBXNativeTarget section */

/* Begin PBXProject section */
		9B28D5A32BFD9093006FACEE /* Project object */ = {
			isa = PBXProject;
			attributes = {
				BuildIndependentTargetsInParallel = 1;
				LastSwiftUpdateCheck = 1530;
				LastUpgradeCheck = 1530;
				TargetAttributes = {
					9B28D5AA2BFD9093006FACEE = {
						CreatedOnToolsVersion = 15.3;
					};
				};
			};
			buildConfigurationList = 9B28D5A62BFD9093006FACEE /* Build configuration list for PBXProject "SwiftUI REST API" */;
			compatibilityVersion = "Xcode 14.0";
			developmentRegion = en;
			hasScannedForEncodings = 0;
			knownRegions = (
				en,
				Base,
			);
			mainGroup = 9B28D5A22BFD9093006FACEE;
			productRefGroup = 9B28D5AC2BFD9093006FACEE /* Products */;
			projectDirPath = "";
			projectRoot = "";
			targets = (
				9B28D5AA2BFD9093006FACEE /* SwiftUI REST API */,
			);
		};
/* End PBXProject section */

/* Begin PBXResourcesBuildPhase section */
		9B28D5A92BFD9093006FACEE /* Resources */ = {
			isa = PBXResourcesBuildPhase;
			buildActionMask = 2147483647;
			files = (
				9B28D5B72BFD9096006FACEE /* Preview Assets.xcassets in Resources */,
				9B28D5B32BFD9096006FACEE /* Assets.xcassets in Resources */,
			);
			runOnlyForDeploymentPostprocessing = 0;
		};
/* End PBXResourcesBuildPhase section */

/* Begin PBXSourcesBuildPhase section */
		9B28D5A72BFD9093006FACEE /* Sources */ = {
			isa = PBXSourcesBuildPhase;
			buildActionMask = 2147483647;
			files = (
				9B28D5C22BFD9169006FACEE /* QuestionsApi.swift in Sources */,
				9B28D5D02BFDD0DA006FACEE /* QuestionViewModel.swift in Sources */,
				9B28D5CA2BFDCCCC006FACEE /* ProcessInfo+ext.swift in Sources */,
				9B28D5C72BFDC976006FACEE /* QuestionModelData.swift in Sources */,
				9B28D5BF2BFD90C6006FACEE /* Question.swift in Sources */,
				9B28D5B12BFD9093006FACEE /* ContentView.swift in Sources */,
				9B28D5AF2BFD9093006FACEE /* SwiftUI_REST_APIApp.swift in Sources */,
			);
			runOnlyForDeploymentPostprocessing = 0;
		};
/* End PBXSourcesBuildPhase section */

/* Begin XCBuildConfiguration section */
		9B28D5B82BFD9096006FACEE /* Debug */ = {
			isa = XCBuildConfiguration;
			buildSettings = {
				ALWAYS_SEARCH_USER_PATHS = NO;
				ASSETCATALOG_COMPILER_GENERATE_SWIFT_ASSET_SYMBOL_EXTENSIONS = YES;
				CLANG_ANALYZER_NONNULL = YES;
				CLANG_ANALYZER_NUMBER_OBJECT_CONVERSION = YES_AGGRESSIVE;
				CLANG_CXX_LANGUAGE_STANDARD = "gnu++20";
				CLANG_ENABLE_MODULES = YES;
				CLANG_ENABLE_OBJC_ARC = YES;
				CLANG_ENABLE_OBJC_WEAK = YES;
				CLANG_WARN_BLOCK_CAPTURE_AUTORELEASING = YES;
				CLANG_WARN_BOOL_CONVERSION = YES;
				CLANG_WARN_COMMA = YES;
				CLANG_WARN_CONSTANT_CONVERSION = YES;
				CLANG_WARN_DEPRECATED_OBJC_IMPLEMENTATIONS = YES;
				CLANG_WARN_DIRECT_OBJC_ISA_USAGE = YES_ERROR;
				CLANG_WARN_DOCUMENTATION_COMMENTS = YES;
				CLANG_WARN_EMPTY_BODY = YES;
				CLANG_WARN_ENUM_CONVERSION = YES;
				CLANG_WARN_INFINITE_RECURSION = YES;
				CLANG_WARN_INT_CONVERSION = YES;
				CLANG_WARN_NON_LITERAL_NULL_CONVERSION = YES;
				CLANG_WARN_OBJC_IMPLICIT_RETAIN_SELF = YES;
				CLANG_WARN_OBJC_LITERAL_CONVERSION = YES;
				CLANG_WARN_OBJC_ROOT_CLASS = YES_ERROR;
				CLANG_WARN_QUOTED_INCLUDE_IN_FRAMEWORK_HEADER = YES;
				CLANG_WARN_RANGE_LOOP_ANALYSIS = YES;
				CLANG_WARN_STRICT_PROTOTYPES = YES;
				CLANG_WARN_SUSPICIOUS_MOVE = YES;
				CLANG_WARN_UNGUARDED_AVAILABILITY = YES_AGGRESSIVE;
				CLANG_WARN_UNREACHABLE_CODE = YES;
				CLANG_WARN__DUPLICATE_METHOD_MATCH = YES;
				COPY_PHASE_STRIP = NO;
				DEBUG_INFORMATION_FORMAT = dwarf;
				ENABLE_STRICT_OBJC_MSGSEND = YES;
				ENABLE_TESTABILITY = YES;
				ENABLE_USER_SCRIPT_SANDBOXING = YES;
				GCC_C_LANGUAGE_STANDARD = gnu17;
				GCC_DYNAMIC_NO_PIC = NO;
				GCC_NO_COMMON_BLOCKS = YES;
				GCC_OPTIMIZATION_LEVEL = 0;
				GCC_PREPROCESSOR_DEFINITIONS = (
					"DEBUG=1",
					"$(inherited)",
				);
				GCC_WARN_64_TO_32_BIT_CONVERSION = YES;
				GCC_WARN_ABOUT_RETURN_TYPE = YES_ERROR;
				GCC_WARN_UNDECLARED_SELECTOR = YES;
				GCC_WARN_UNINITIALIZED_AUTOS = YES_AGGRESSIVE;
				GCC_WARN_UNUSED_FUNCTION = YES;
				GCC_WARN_UNUSED_VARIABLE = YES;
				LOCALIZATION_PREFERS_STRING_CATALOGS = YES;
				MTL_ENABLE_DEBUG_INFO = INCLUDE_SOURCE;
				MTL_FAST_MATH = YES;
				ONLY_ACTIVE_ARCH = YES;
				SWIFT_ACTIVE_COMPILATION_CONDITIONS = "DEBUG $(inherited)";
				SWIFT_OPTIMIZATION_LEVEL = "-Onone";
			};
			name = Debug;
		};
		9B28D5B92BFD9096006FACEE /* Release */ = {
			isa = XCBuildConfiguration;
			buildSettings = {
				ALWAYS_SEARCH_USER_PATHS = NO;
				ASSETCATALOG_COMPILER_GENERATE_SWIFT_ASSET_SYMBOL_EXTENSIONS = YES;
				CLANG_ANALYZER_NONNULL = YES;
				CLANG_ANALYZER_NUMBER_OBJECT_CONVERSION = YES_AGGRESSIVE;
				CLANG_CXX_LANGUAGE_STANDARD = "gnu++20";
				CLANG_ENABLE_MODULES = YES;
				CLANG_ENABLE_OBJC_ARC = YES;
				CLANG_ENABLE_OBJC_WEAK = YES;
				CLANG_WARN_BLOCK_CAPTURE_AUTORELEASING = YES;
				CLANG_WARN_BOOL_CONVERSION = YES;
				CLANG_WARN_COMMA = YES;
				CLANG_WARN_CONSTANT_CONVERSION = YES;
				CLANG_WARN_DEPRECATED_OBJC_IMPLEMENTATIONS = YES;
				CLANG_WARN_DIRECT_OBJC_ISA_USAGE = YES_ERROR;
				CLANG_WARN_DOCUMENTATION_COMMENTS = YES;
				CLANG_WARN_EMPTY_BODY = YES;
				CLANG_WARN_ENUM_CONVERSION = YES;
				CLANG_WARN_INFINITE_RECURSION = YES;
				CLANG_WARN_INT_CONVERSION = YES;
				CLANG_WARN_NON_LITERAL_NULL_CONVERSION = YES;
				CLANG_WARN_OBJC_IMPLICIT_RETAIN_SELF = YES;
				CLANG_WARN_OBJC_LITERAL_CONVERSION = YES;
				CLANG_WARN_OBJC_ROOT_CLASS = YES_ERROR;
				CLANG_WARN_QUOTED_INCLUDE_IN_FRAMEWORK_HEADER = YES;
				CLANG_WARN_RANGE_LOOP_ANALYSIS = YES;
				CLANG_WARN_STRICT_PROTOTYPES = YES;
				CLANG_WARN_SUSPICIOUS_MOVE = YES;
				CLANG_WARN_UNGUARDED_AVAILABILITY = YES_AGGRESSIVE;
				CLANG_WARN_UNREACHABLE_CODE = YES;
				CLANG_WARN__DUPLICATE_METHOD_MATCH = YES;
				COPY_PHASE_STRIP = NO;
				DEBUG_INFORMATION_FORMAT = "dwarf-with-dsym";
				ENABLE_NS_ASSERTIONS = NO;
				ENABLE_STRICT_OBJC_MSGSEND = YES;
				ENABLE_USER_SCRIPT_SANDBOXING = YES;
				GCC_C_LANGUAGE_STANDARD = gnu17;
				GCC_NO_COMMON_BLOCKS = YES;
				GCC_WARN_64_TO_32_BIT_CONVERSION = YES;
				GCC_WARN_ABOUT_RETURN_TYPE = YES_ERROR;
				GCC_WARN_UNDECLARED_SELECTOR = YES;
				GCC_WARN_UNINITIALIZED_AUTOS = YES_AGGRESSIVE;
				GCC_WARN_UNUSED_FUNCTION = YES;
				GCC_WARN_UNUSED_VARIABLE = YES;
				LOCALIZATION_PREFERS_STRING_CATALOGS = YES;
				MTL_ENABLE_DEBUG_INFO = NO;
				MTL_FAST_MATH = YES;
				SWIFT_COMPILATION_MODE = wholemodule;
			};
			name = Release;
		};
		9B28D5BB2BFD9097006FACEE /* Debug */ = {
			isa = XCBuildConfiguration;
			buildSettings = {
				ASSETCATALOG_COMPILER_APPICON_NAME = AppIcon;
				ASSETCATALOG_COMPILER_GLOBAL_ACCENT_COLOR_NAME = AccentColor;
				CODE_SIGN_ENTITLEMENTS = "SwiftUI REST API/SwiftUI_REST_API.entitlements";
				CODE_SIGN_STYLE = Automatic;
				CURRENT_PROJECT_VERSION = 1;
				DEVELOPMENT_ASSET_PATHS = "\"SwiftUI REST API/Preview Content\"";
				ENABLE_PREVIEWS = YES;
				GENERATE_INFOPLIST_FILE = YES;
				"INFOPLIST_KEY_UIApplicationSceneManifest_Generation[sdk=iphoneos*]" = YES;
				"INFOPLIST_KEY_UIApplicationSceneManifest_Generation[sdk=iphonesimulator*]" = YES;
				"INFOPLIST_KEY_UIApplicationSupportsIndirectInputEvents[sdk=iphoneos*]" = YES;
				"INFOPLIST_KEY_UIApplicationSupportsIndirectInputEvents[sdk=iphonesimulator*]" = YES;
				"INFOPLIST_KEY_UILaunchScreen_Generation[sdk=iphoneos*]" = YES;
				"INFOPLIST_KEY_UILaunchScreen_Generation[sdk=iphonesimulator*]" = YES;
				"INFOPLIST_KEY_UIStatusBarStyle[sdk=iphoneos*]" = UIStatusBarStyleDefault;
				"INFOPLIST_KEY_UIStatusBarStyle[sdk=iphonesimulator*]" = UIStatusBarStyleDefault;
				INFOPLIST_KEY_UISupportedInterfaceOrientations_iPad = "UIInterfaceOrientationPortrait UIInterfaceOrientationPortraitUpsideDown UIInterfaceOrientationLandscapeLeft UIInterfaceOrientationLandscapeRight";
				INFOPLIST_KEY_UISupportedInterfaceOrientations_iPhone = "UIInterfaceOrientationPortrait UIInterfaceOrientationLandscapeLeft UIInterfaceOrientationLandscapeRight";
				IPHONEOS_DEPLOYMENT_TARGET = 17.4;
				LD_RUNPATH_SEARCH_PATHS = "@executable_path/Frameworks";
				"LD_RUNPATH_SEARCH_PATHS[sdk=macosx*]" = "@executable_path/../Frameworks";
				MACOSX_DEPLOYMENT_TARGET = 14.4;
				MARKETING_VERSION = 1.0;
				PRODUCT_BUNDLE_IDENTIFIER = "raih.nyata.SwiftUI-REST-API";
				PRODUCT_NAME = "$(TARGET_NAME)";
				SDKROOT = auto;
				SUPPORTED_PLATFORMS = "iphoneos iphonesimulator macosx";
				SWIFT_EMIT_LOC_STRINGS = YES;
				SWIFT_VERSION = 5.0;
				TARGETED_DEVICE_FAMILY = "1,2";
			};
			name = Debug;
		};
		9B28D5BC2BFD9097006FACEE /* Release */ = {
			isa = XCBuildConfiguration;
			buildSettings = {
				ASSETCATALOG_COMPILER_APPICON_NAME = AppIcon;
				ASSETCATALOG_COMPILER_GLOBAL_ACCENT_COLOR_NAME = AccentColor;
				CODE_SIGN_ENTITLEMENTS = "SwiftUI REST API/SwiftUI_REST_API.entitlements";
				CODE_SIGN_STYLE = Automatic;
				CURRENT_PROJECT_VERSION = 1;
				DEVELOPMENT_ASSET_PATHS = "\"SwiftUI REST API/Preview Content\"";
				ENABLE_PREVIEWS = YES;
				GENERATE_INFOPLIST_FILE = YES;
				"INFOPLIST_KEY_UIApplicationSceneManifest_Generation[sdk=iphoneos*]" = YES;
				"INFOPLIST_KEY_UIApplicationSceneManifest_Generation[sdk=iphonesimulator*]" = YES;
				"INFOPLIST_KEY_UIApplicationSupportsIndirectInputEvents[sdk=iphoneos*]" = YES;
				"INFOPLIST_KEY_UIApplicationSupportsIndirectInputEvents[sdk=iphonesimulator*]" = YES;
				"INFOPLIST_KEY_UILaunchScreen_Generation[sdk=iphoneos*]" = YES;
				"INFOPLIST_KEY_UILaunchScreen_Generation[sdk=iphonesimulator*]" = YES;
				"INFOPLIST_KEY_UIStatusBarStyle[sdk=iphoneos*]" = UIStatusBarStyleDefault;
				"INFOPLIST_KEY_UIStatusBarStyle[sdk=iphonesimulator*]" = UIStatusBarStyleDefault;
				INFOPLIST_KEY_UISupportedInterfaceOrientations_iPad = "UIInterfaceOrientationPortrait UIInterfaceOrientationPortraitUpsideDown UIInterfaceOrientationLandscapeLeft UIInterfaceOrientationLandscapeRight";
				INFOPLIST_KEY_UISupportedInterfaceOrientations_iPhone = "UIInterfaceOrientationPortrait UIInterfaceOrientationLandscapeLeft UIInterfaceOrientationLandscapeRight";
				IPHONEOS_DEPLOYMENT_TARGET = 17.4;
				LD_RUNPATH_SEARCH_PATHS = "@executable_path/Frameworks";
				"LD_RUNPATH_SEARCH_PATHS[sdk=macosx*]" = "@executable_path/../Frameworks";
				MACOSX_DEPLOYMENT_TARGET = 14.4;
				MARKETING_VERSION = 1.0;
				PRODUCT_BUNDLE_IDENTIFIER = "raih.nyata.SwiftUI-REST-API";
				PRODUCT_NAME = "$(TARGET_NAME)";
				SDKROOT = auto;
				SUPPORTED_PLATFORMS = "iphoneos iphonesimulator macosx";
				SWIFT_EMIT_LOC_STRINGS = YES;
				SWIFT_VERSION = 5.0;
				TARGETED_DEVICE_FAMILY = "1,2";
			};
			name = Release;
		};
/* End XCBuildConfiguration section */

/* Begin XCConfigurationList section */
		9B28D5A62BFD9093006FACEE /* Build configuration list for PBXProject "SwiftUI REST API" */ = {
			isa = XCConfigurationList;
			buildConfigurations = (
				9B28D5B82BFD9096006FACEE /* Debug */,
				9B28D5B92BFD9096006FACEE /* Release */,
			);
			defaultConfigurationIsVisible = 0;
			defaultConfigurationName = Release;
		};
		9B28D5BA2BFD9097006FACEE /* Build configuration list for PBXNativeTarget "SwiftUI REST API" */ = {
			isa = XCConfigurationList;
			buildConfigurations = (
				9B28D5BB2BFD9097006FACEE /* Debug */,
				9B28D5BC2BFD9097006FACEE /* Release */,
			);
			defaultConfigurationIsVisible = 0;
			defaultConfigurationName = Release;
		};
/* End XCConfigurationList section */
	};
	rootObject = 9B28D5A32BFD9093006FACEE /* Project object */;
}
